
Microsoft Visual Studio Solution File, Format Version 12.00
# Visual Studio 15
VisualStudioVersion = 15.0.27703.2026
MinimumVisualStudioVersion = 10.0.40219.1
Project("{8BC9CEB8-8B4A-11D0-8D11-00A0C91BC942}") = "bass_dts", "bass_dts\bass_dts.vcxproj", "{72A27AD0-B3E1-4FD5-856D-4744B09B66D8}"
EndProject
Project("{FAE04EC0-301F-11D3-BF4B-00C04F79EFBC}") = "ManagedBass.Dts", "ManagedBass.Dts\ManagedBass.Dts.csproj", "{02598E79-932A-4412-BF38-81D453D0BE98}"
EndProject
Project("{FAE04EC0-301F-11D3-BF4B-00C04F79EFBC}") = "ManagedBass.Dts.Test", "ManagedBass.Dts.Test\ManagedBass.Dts.Test.csproj", "{801F4E57-CA92-4F55-B6B3-B53F6CD370E8}"
EndProject
Global
	GlobalSection(SolutionConfigurationPlatforms) = preSolution
		Debug|x86 = Debug|x86
		Release|x86 = Release|x86
	EndGlobalSection
	GlobalSection(ProjectConfigurationPlatforms) = postSolution
		{72A27AD0-B3E1-4FD5-856D-4744B09B66D8}.Debug|x86.ActiveCfg = Debug|Win32
		{72A27AD0-B3E1-4FD5-856D-4744B09B66D8}.Debug|x86.Build.0 = Debug|Win32
		{72A27AD0-B3E1-4FD5-856D-4744B09B66D8}.Release|x86.ActiveCfg = Release|Win32
		{72A27AD0-B3E1-4FD5-856D-4744B09B66D8}.Release|x86.Build.0 = Release|Win32
		{02598E79-932A-4412-BF38-81D453D0BE98}.Debug|x86.ActiveCfg = Debug|Any CPU
		{02598E79-932A-4412-BF38-81D453D0BE98}.Debug|x86.Build.0 = Debug|Any CPU
		{02598E79-932A-4412-BF38-81D453D0BE98}.Release|x86.ActiveCfg = Release|Any CPU
		{02598E79-932A-4412-BF38-81D453D0BE98}.Release|x86.Build.0 = Release|Any CPU
		{801F4E57-CA92-4F55-B6B3-B53F6CD370E8}.Debug|x86.ActiveCfg = Debug|Any CPU
		{801F4E57-CA92-4F55-B6B3-B53F6CD370E8}.Debug|x86.Build.0 = Debug|Any CPU
		{801F4E57-CA92-4F55-B6B3-B53F6CD370E8}.Release|x86.ActiveCfg = Release|Any CPU
		{801F4E57-CA92-4F55-B6B3-B53F6CD370E8}.Release|x86.Build.0 = Release|Any CPU
	EndGlobalSection
	GlobalSection(SolutionProperties) = preSolution
		HideSolutionNode = FALSE
	EndGlobalSection
	GlobalSection(ExtensibilityGlobals) = postSolution
		SolutionGuid = {120E6A09-57A8-484D-ADCB-707CFD3A7F6B}
	EndGlobalSection
EndGlobal
